
Microsoft Visual Studio Solution File, Format Version 12.00
# Visual Studio Version 16
VisualStudioVersion = 16.0.29613.14
MinimumVisualStudioVersion = 10.0.40219.1
Project("{FAE04EC0-301F-11D3-BF4B-00C04F79EFBC}") = "RPSLizardSpock", "RPSLizardSpock\RPSLizardSpock.csproj", "{AD5B02DF-BB1D-41CB-99B0-9024FA451A9A}"
EndProject
Global
	GlobalSection(SolutionConfigurationPlatforms) = preSolution
		Debug|Any CPU = Debug|Any CPU
		Release|Any CPU = Release|Any CPU
	EndGlobalSection
	GlobalSection(ProjectConfigurationPlatforms) = postSolution
		{AD5B02DF-BB1D-41CB-99B0-9024FA451A9A}.Debug|Any CPU.ActiveCfg = Debug|Any CPU
		{AD5B02DF-BB1D-41CB-99B0-9024FA451A9A}.Debug|Any CPU.Build.0 = Debug|Any CPU
		{AD5B02DF-BB1D-41CB-99B0-9024FA451A9A}.Release|Any CPU.ActiveCfg = Release|Any CPU
		{AD5B02DF-BB1D-41CB-99B0-9024FA451A9A}.Release|Any CPU.Build.0 = Release|Any CPU
	EndGlobalSection
	GlobalSection(SolutionProperties) = preSolution
		HideSolutionNode = FALSE
	EndGlobalSection
	GlobalSection(ExtensibilityGlobals) = postSolution
		SolutionGuid = {BF30531B-1719-4CDD-AD5F-DDB9A345509D}
	EndGlobalSection
EndGlobal
